
Microsoft Visual Studio Solution File, Format Version 12.00
# Visual Studio Version 17
VisualStudioVersion = 17.5.33424.131
MinimumVisualStudioVersion = 10.0.40219.1
Project("{FAE04EC0-301F-11D3-BF4B-00C04F79EFBC}") = "TecnoShop", "TecnoShop\TecnoShop.csproj", "{535C20FE-8E8F-4993-BA0E-5B4306982D2F}"
EndProject
Global
	GlobalSection(SolutionConfigurationPlatforms) = preSolution
		Debug|Any CPU = Debug|Any CPU
		Release|Any CPU = Release|Any CPU
	EndGlobalSection
	GlobalSection(ProjectConfigurationPlatforms) = postSolution
		{535C20FE-8E8F-4993-BA0E-5B4306982D2F}.Debug|Any CPU.ActiveCfg = Debug|Any CPU
		{535C20FE-8E8F-4993-BA0E-5B4306982D2F}.Debug|Any CPU.Build.0 = Debug|Any CPU
		{535C20FE-8E8F-4993-BA0E-5B4306982D2F}.Release|Any CPU.ActiveCfg = Release|Any CPU
		{535C20FE-8E8F-4993-BA0E-5B4306982D2F}.Release|Any CPU.Build.0 = Release|Any CPU
	EndGlobalSection
	GlobalSection(SolutionProperties) = preSolution
		HideSolutionNode = FALSE
	EndGlobalSection
	GlobalSection(ExtensibilityGlobals) = postSolution
		SolutionGuid = {F41D86AA-0E52-415C-904D-ABA639376135}
	EndGlobalSection
EndGlobal
